{
  "name": "typescript",
  "lockfileVersion": 2,
  "requires": true,
  "packages": {
    "": {
      "devDependencies": {
        "first": "^0.0.3"
      }
    },
    "node_modules/first": {
      "version": "0.0.3",
      "resolved": "https://registry.npmjs.org/first/-/first-0.0.3.tgz",
      "integrity": "sha1-EpqTHr+B01BdhffAXHti0MTOag4=",
      "dev": true,
      "engines": {
        "node": "*"
      }
    }
  },
  "dependencies": {
    "first": {
      "version": "0.0.3",
      "resolved": "https://registry.npmjs.org/first/-/first-0.0.3.tgz",
      "integrity": "sha1-EpqTHr+B01BdhffAXHti0MTOag4=",
      "dev": true
    }
  }
}
